// !$*UTF8*$!
{
	archiveVersion = 1;
	classes = {
	};
	objectVersion = 46;
	objects = {

/* Begin PBXBuildFile section */
		A34E824C1A21BE2F0075AB33 /* main.m in Sources */ = {isa = PBXBuildFile; fileRef = A34E824B1A21BE2F0075AB33 /* main.m */; };
		A34E824F1A21BE2F0075AB33 /* AppDelegate.m in Sources */ = {isa = PBXBuildFile; fileRef = A34E824E1A21BE2F0075AB33 /* AppDelegate.m */; };
		A34E82521A21BE2F0075AB33 /* ViewController.m in Sources */ = {isa = PBXBuildFile; fileRef = A34E82511A21BE2F0075AB33 /* ViewController.m */; };
		A34E82551A21BE2F0075AB33 /* Main.storyboard in Resources */ = {isa = PBXBuildFile; fileRef = A34E82531A21BE2F0075AB33 /* Main.storyboard */; };
		A34E82571A21BE2F0075AB33 /* Images.xcassets in Resources */ = {isa = PBXBuildFile; fileRef = A34E82561A21BE2F0075AB33 /* Images.xcassets */; };
		A34E825A1A21BE2F0075AB33 /* LaunchScreen.xib in Resources */ = {isa = PBXBuildFile; fileRef = A34E82581A21BE2F0075AB33 /* LaunchScreen.xib */; };
		A34E82661A21BE2F0075AB33 /* iosmockTests.m in Sources */ = {isa = PBXBuildFile; fileRef = A34E82651A21BE2F0075AB33 /* iosmockTests.m */; };
		A34E829A1A237A5F0075AB33 /* ComponentEditor.m in Sources */ = {isa = PBXBuildFile; fileRef = A34E82991A237A5F0075AB33 /* ComponentEditor.m */; };
		A34E829D1A237A870075AB33 /* UIViewComponentEditor.m in Sources */ = {isa = PBXBuildFile; fileRef = A34E829C1A237A870075AB33 /* UIViewComponentEditor.m */; };
		A34E82A01A237ACE0075AB33 /* LabelComponentEditor.m in Sources */ = {isa = PBXBuildFile; fileRef = A34E829F1A237ACE0075AB33 /* LabelComponentEditor.m */; };
		A34E82A31A237AF90075AB33 /* TextFieldComponentEditor.m in Sources */ = {isa = PBXBuildFile; fileRef = A34E82A21A237AF90075AB33 /* TextFieldComponentEditor.m */; };
		A34E82A61A237B2C0075AB33 /* UIImageViewComponentEditor.m in Sources */ = {isa = PBXBuildFile; fileRef = A34E82A51A237B2C0075AB33 /* UIImageViewComponentEditor.m */; };
		A34E82A91A237B420075AB33 /* UIButtonComponentEditor.m in Sources */ = {isa = PBXBuildFile; fileRef = A34E82A81A237B420075AB33 /* UIButtonComponentEditor.m */; };
		AA329151FCBEFA990117A14E /* libPods.a in Frameworks */ = {isa = PBXBuildFile; fileRef = 38A3CCDFF04CF22642DB2F00 /* libPods.a */; };
/* End PBXBuildFile section */

/* Begin PBXContainerItemProxy section */
		A34E82601A21BE2F0075AB33 /* PBXContainerItemProxy */ = {
			isa = PBXContainerItemProxy;
			containerPortal = A34E823E1A21BE2F0075AB33 /* Project object */;
			proxyType = 1;
			remoteGlobalIDString = A34E82451A21BE2F0075AB33;
			remoteInfo = iosmock;
		};
/* End PBXContainerItemProxy section */

/* Begin PBXFileReference section */
		38A3CCDFF04CF22642DB2F00 /* libPods.a */ = {isa = PBXFileReference; explicitFileType = archive.ar; includeInIndex = 0; path = libPods.a; sourceTree = BUILT_PRODUCTS_DIR; };
		3A221FAF152381CC85BF1EA0 /* Pods.release.xcconfig */ = {isa = PBXFileReference; includeInIndex = 1; lastKnownFileType = text.xcconfig; name = Pods.release.xcconfig; path = "Pods/Target Support Files/Pods/Pods.release.xcconfig"; sourceTree = "<group>"; };
		A34E82461A21BE2F0075AB33 /* iosmock.app */ = {isa = PBXFileReference; explicitFileType = wrapper.application; includeInIndex = 0; path = iosmock.app; sourceTree = BUILT_PRODUCTS_DIR; };
		A34E824A1A21BE2F0075AB33 /* Info.plist */ = {isa = PBXFileReference; lastKnownFileType = text.plist.xml; path = Info.plist; sourceTree = "<group>"; };
		A34E824B1A21BE2F0075AB33 /* main.m */ = {isa = PBXFileReference; lastKnownFileType = sourcecode.c.objc; path = main.m; sourceTree = "<group>"; };
		A34E824D1A21BE2F0075AB33 /* AppDelegate.h */ = {isa = PBXFileReference; lastKnownFileType = sourcecode.c.h; path = AppDelegate.h; sourceTree = "<group>"; };
		A34E824E1A21BE2F0075AB33 /* AppDelegate.m */ = {isa = PBXFileReference; lastKnownFileType = sourcecode.c.objc; path = AppDelegate.m; sourceTree = "<group>"; };
		A34E82501A21BE2F0075AB33 /* ViewController.h */ = {isa = PBXFileReference; lastKnownFileType = sourcecode.c.h; path = ViewController.h; sourceTree = "<group>"; };
		A34E82511A21BE2F0075AB33 /* ViewController.m */ = {isa = PBXFileReference; lastKnownFileType = sourcecode.c.objc; path = ViewController.m; sourceTree = "<group>"; };
		A34E82541A21BE2F0075AB33 /* Base */ = {isa = PBXFileReference; lastKnownFileType = file.storyboard; name = Base; path = Base.lproj/Main.storyboard; sourceTree = "<group>"; };
		A34E82561A21BE2F0075AB33 /* Images.xcassets */ = {isa = PBXFileReference; lastKnownFileType = folder.assetcatalog; path = Images.xcassets; sourceTree = "<group>"; };
		A34E82591A21BE2F0075AB33 /* Base */ = {isa = PBXFileReference; lastKnownFileType = file.xib; name = Base; path = Base.lproj/LaunchScreen.xib; sourceTree = "<group>"; };
		A34E825F1A21BE2F0075AB33 /* iosmockTests.xctest */ = {isa = PBXFileReference; explicitFileType = wrapper.cfbundle; includeInIndex = 0; path = iosmockTests.xctest; sourceTree = BUILT_PRODUCTS_DIR; };
		A34E82641A21BE2F0075AB33 /* Info.plist */ = {isa = PBXFileReference; lastKnownFileType = text.plist.xml; path = Info.plist; sourceTree = "<group>"; };
		A34E82651A21BE2F0075AB33 /* iosmockTests.m */ = {isa = PBXFileReference; lastKnownFileType = sourcecode.c.objc; path = iosmockTests.m; sourceTree = "<group>"; };
		A34E82761A2240BC0075AB33 /* iosmock.pch */ = {isa = PBXFileReference; lastKnownFileType = sourcecode.c.h; path = iosmock.pch; sourceTree = "<group>"; };
		A34E82981A237A5F0075AB33 /* ComponentEditor.h */ = {isa = PBXFileReference; fileEncoding = 4; lastKnownFileType = sourcecode.c.h; path = ComponentEditor.h; sourceTree = "<group>"; };
		A34E82991A237A5F0075AB33 /* ComponentEditor.m */ = {isa = PBXFileReference; fileEncoding = 4; lastKnownFileType = sourcecode.c.objc; path = ComponentEditor.m; sourceTree = "<group>"; };
		A34E829B1A237A870075AB33 /* UIViewComponentEditor.h */ = {isa = PBXFileReference; fileEncoding = 4; lastKnownFileType = sourcecode.c.h; path = UIViewComponentEditor.h; sourceTree = "<group>"; };
		A34E829C1A237A870075AB33 /* UIViewComponentEditor.m */ = {isa = PBXFileReference; fileEncoding = 4; lastKnownFileType = sourcecode.c.objc; path = UIViewComponentEditor.m; sourceTree = "<group>"; };
		A34E829E1A237ACE0075AB33 /* LabelComponentEditor.h */ = {isa = PBXFileReference; fileEncoding = 4; lastKnownFileType = sourcecode.c.h; path = LabelComponentEditor.h; sourceTree = "<group>"; };
		A34E829F1A237ACE0075AB33 /* LabelComponentEditor.m */ = {isa = PBXFileReference; fileEncoding = 4; lastKnownFileType = sourcecode.c.objc; path = LabelComponentEditor.m; sourceTree = "<group>"; };
		A34E82A11A237AF90075AB33 /* TextFieldComponentEditor.h */ = {isa = PBXFileReference; fileEncoding = 4; lastKnownFileType = sourcecode.c.h; path = TextFieldComponentEditor.h; sourceTree = "<group>"; };
		A34E82A21A237AF90075AB33 /* TextFieldComponentEditor.m */ = {isa = PBXFileReference; fileEncoding = 4; lastKnownFileType = sourcecode.c.objc; path = TextFieldComponentEditor.m; sourceTree = "<group>"; };
		A34E82A41A237B2C0075AB33 /* UIImageViewComponentEditor.h */ = {isa = PBXFileReference; fileEncoding = 4; lastKnownFileType = sourcecode.c.h; path = UIImageViewComponentEditor.h; sourceTree = "<group>"; };
		A34E82A51A237B2C0075AB33 /* UIImageViewComponentEditor.m */ = {isa = PBXFileReference; fileEncoding = 4; lastKnownFileType = sourcecode.c.objc; path = UIImageViewComponentEditor.m; sourceTree = "<group>"; };
		A34E82A71A237B420075AB33 /* UIButtonComponentEditor.h */ = {isa = PBXFileReference; fileEncoding = 4; lastKnownFileType = sourcecode.c.h; path = UIButtonComponentEditor.h; sourceTree = "<group>"; };
		A34E82A81A237B420075AB33 /* UIButtonComponentEditor.m */ = {isa = PBXFileReference; fileEncoding = 4; lastKnownFileType = sourcecode.c.objc; path = UIButtonComponentEditor.m; sourceTree = "<group>"; };
		C2841A3ACB22C29BF161446E /* Pods.debug.xcconfig */ = {isa = PBXFileReference; includeInIndex = 1; lastKnownFileType = text.xcconfig; name = Pods.debug.xcconfig; path = "Pods/Target Support Files/Pods/Pods.debug.xcconfig"; sourceTree = "<group>"; };
/* End PBXFileReference section */

/* Begin PBXFrameworksBuildPhase section */
		A34E82431A21BE2F0075AB33 /* Frameworks */ = {
			isa = PBXFrameworksBuildPhase;
			buildActionMask = 2147483647;
			files = (
				AA329151FCBEFA990117A14E /* libPods.a in Frameworks */,
			);
			runOnlyForDeploymentPostprocessing = 0;
		};
		A34E825C1A21BE2F0075AB33 /* Frameworks */ = {
			isa = PBXFrameworksBuildPhase;
			buildActionMask = 2147483647;
			files = (
			);
			runOnlyForDeploymentPostprocessing = 0;
		};
/* End PBXFrameworksBuildPhase section */

/* Begin PBXGroup section */
		36BBC1A2A62E14A2FCACC664 /* Pods */ = {
			isa = PBXGroup;
			children = (
				C2841A3ACB22C29BF161446E /* Pods.debug.xcconfig */,
				3A221FAF152381CC85BF1EA0 /* Pods.release.xcconfig */,
			);
			name = Pods;
			sourceTree = "<group>";
		};
		9D590674CD84A80C43FF49A2 /* Frameworks */ = {
			isa = PBXGroup;
			children = (
				38A3CCDFF04CF22642DB2F00 /* libPods.a */,
			);
			name = Frameworks;
			sourceTree = "<group>";
		};
		A34E823D1A21BE2F0075AB33 = {
			isa = PBXGroup;
			children = (
				A34E82481A21BE2F0075AB33 /* iosmock */,
				A34E82621A21BE2F0075AB33 /* iosmockTests */,
				A34E82471A21BE2F0075AB33 /* Products */,
				36BBC1A2A62E14A2FCACC664 /* Pods */,
				9D590674CD84A80C43FF49A2 /* Frameworks */,
			);
			sourceTree = "<group>";
		};
		A34E82471A21BE2F0075AB33 /* Products */ = {
			isa = PBXGroup;
			children = (
				A34E82461A21BE2F0075AB33 /* iosmock.app */,
				A34E825F1A21BE2F0075AB33 /* iosmockTests.xctest */,
			);
			name = Products;
			sourceTree = "<group>";
		};
		A34E82481A21BE2F0075AB33 /* iosmock */ = {
			isa = PBXGroup;
			children = (
				A34E824D1A21BE2F0075AB33 /* AppDelegate.h */,
				A34E824E1A21BE2F0075AB33 /* AppDelegate.m */,
				A34E82501A21BE2F0075AB33 /* ViewController.h */,
				A34E82511A21BE2F0075AB33 /* ViewController.m */,
				A34E82531A21BE2F0075AB33 /* Main.storyboard */,
				A34E82561A21BE2F0075AB33 /* Images.xcassets */,
				A34E82581A21BE2F0075AB33 /* LaunchScreen.xib */,
				A34E82491A21BE2F0075AB33 /* Supporting Files */,
				A34E82981A237A5F0075AB33 /* ComponentEditor.h */,
				A34E82991A237A5F0075AB33 /* ComponentEditor.m */,
				A34E829B1A237A870075AB33 /* UIViewComponentEditor.h */,
				A34E829C1A237A870075AB33 /* UIViewComponentEditor.m */,
				A34E829E1A237ACE0075AB33 /* LabelComponentEditor.h */,
				A34E829F1A237ACE0075AB33 /* LabelComponentEditor.m */,
				A34E82A11A237AF90075AB33 /* TextFieldComponentEditor.h */,
				A34E82A21A237AF90075AB33 /* TextFieldComponentEditor.m */,
				A34E82A41A237B2C0075AB33 /* UIImageViewComponentEditor.h */,
				A34E82A51A237B2C0075AB33 /* UIImageViewComponentEditor.m */,
				A34E82A71A237B420075AB33 /* UIButtonComponentEditor.h */,
				A34E82A81A237B420075AB33 /* UIButtonComponentEditor.m */,
			);
			path = iosmock;
			sourceTree = "<group>";
		};
		A34E82491A21BE2F0075AB33 /* Supporting Files */ = {
			isa = PBXGroup;
			children = (
				A34E824A1A21BE2F0075AB33 /* Info.plist */,
				A34E824B1A21BE2F0075AB33 /* main.m */,
				A34E82761A2240BC0075AB33 /* iosmock.pch */,
			);
			name = "Supporting Files";
			sourceTree = "<group>";
		};
		A34E82621A21BE2F0075AB33 /* iosmockTests */ = {
			isa = PBXGroup;
			children = (
				A34E82651A21BE2F0075AB33 /* iosmockTests.m */,
				A34E82631A21BE2F0075AB33 /* Supporting Files */,
			);
			path = iosmockTests;
			sourceTree = "<group>";
		};
		A34E82631A21BE2F0075AB33 /* Supporting Files */ = {
			isa = PBXGroup;
			children = (
				A34E82641A21BE2F0075AB33 /* Info.plist */,
			);
			name = "Supporting Files";
			sourceTree = "<group>";
		};
/* End PBXGroup section */

/* Begin PBXNativeTarget section */
		A34E82451A21BE2F0075AB33 /* iosmock */ = {
			isa = PBXNativeTarget;
			buildConfigurationList = A34E82691A21BE2F0075AB33 /* Build configuration list for PBXNativeTarget "iosmock" */;
			buildPhases = (
				ACBE53D31CFB8486946EFF4B /* Check Pods Manifest.lock */,
				A34E82421A21BE2F0075AB33 /* Sources */,
				A34E82431A21BE2F0075AB33 /* Frameworks */,
				A34E82441A21BE2F0075AB33 /* Resources */,
				9D65D7342199458134BAC91E /* Copy Pods Resources */,
			);
			buildRules = (
			);
			dependencies = (
			);
			name = iosmock;
			productName = iosmock;
			productReference = A34E82461A21BE2F0075AB33 /* iosmock.app */;
			productType = "com.apple.product-type.application";
		};
		A34E825E1A21BE2F0075AB33 /* iosmockTests */ = {
			isa = PBXNativeTarget;
			buildConfigurationList = A34E826C1A21BE2F0075AB33 /* Build configuration list for PBXNativeTarget "iosmockTests" */;
			buildPhases = (
				A34E825B1A21BE2F0075AB33 /* Sources */,
				A34E825C1A21BE2F0075AB33 /* Frameworks */,
				A34E825D1A21BE2F0075AB33 /* Resources */,
			);
			buildRules = (
			);
			dependencies = (
				A34E82611A21BE2F0075AB33 /* PBXTargetDependency */,
			);
			name = iosmockTests;
			productName = iosmockTests;
			productReference = A34E825F1A21BE2F0075AB33 /* iosmockTests.xctest */;
			productType = "com.apple.product-type.bundle.unit-test";
		};
/* End PBXNativeTarget section */

/* Begin PBXProject section */
		A34E823E1A21BE2F0075AB33 /* Project object */ = {
			isa = PBXProject;
			attributes = {
				LastUpgradeCheck = 0610;
				ORGANIZATIONNAME = "Kevin Zhang";
				TargetAttributes = {
					A34E82451A21BE2F0075AB33 = {
						CreatedOnToolsVersion = 6.1;
					};
					A34E825E1A21BE2F0075AB33 = {
						CreatedOnToolsVersion = 6.1;
						TestTargetID = A34E82451A21BE2F0075AB33;
					};
				};
			};
			buildConfigurationList = A34E82411A21BE2F0075AB33 /* Build configuration list for PBXProject "iosmock" */;
			compatibilityVersion = "Xcode 3.2";
			developmentRegion = English;
			hasScannedForEncodings = 0;
			knownRegions = (
				en,
				Base,
			);
			mainGroup = A34E823D1A21BE2F0075AB33;
			productRefGroup = A34E82471A21BE2F0075AB33 /* Products */;
			projectDirPath = "";
			projectRoot = "";
			targets = (
				A34E82451A21BE2F0075AB33 /* iosmock */,
				A34E825E1A21BE2F0075AB33 /* iosmockTests */,
			);
		};
/* End PBXProject section */

/* Begin PBXResourcesBuildPhase section */
		A34E82441A21BE2F0075AB33 /* Resources */ = {
			isa = PBXResourcesBuildPhase;
			buildActionMask = 2147483647;
			files = (
				A34E82551A21BE2F0075AB33 /* Main.storyboard in Resources */,
				A34E825A1A21BE2F0075AB33 /* LaunchScreen.xib in Resources */,
				A34E82571A21BE2F0075AB33 /* Images.xcassets in Resources */,
			);
			runOnlyForDeploymentPostprocessing = 0;
		};
		A34E825D1A21BE2F0075AB33 /* Resources */ = {
			isa = PBXResourcesBuildPhase;
			buildActionMask = 2147483647;
			files = (
			);
			runOnlyForDeploymentPostprocessing = 0;
		};
/* End PBXResourcesBuildPhase section */

/* Begin PBXShellScriptBuildPhase section */
		9D65D7342199458134BAC91E /* Copy Pods Resources */ = {
			isa = PBXShellScriptBuildPhase;
			buildActionMask = 2147483647;
			files = (
			);
			inputPaths = (
			);
			name = "Copy Pods Resources";
			outputPaths = (
			);
			runOnlyForDeploymentPostprocessing = 0;
			shellPath = /bin/sh;
			shellScript = "\"${SRCROOT}/Pods/Target Support Files/Pods/Pods-resources.sh\"\n";
			showEnvVarsInLog = 0;
		};
		ACBE53D31CFB8486946EFF4B /* Check Pods Manifest.lock */ = {
			isa = PBXShellScriptBuildPhase;
			buildActionMask = 2147483647;
			files = (
			);
			inputPaths = (
			);
			name = "Check Pods Manifest.lock";
			outputPaths = (
			);
			runOnlyForDeploymentPostprocessing = 0;
			shellPath = /bin/sh;
			shellScript = "diff \"${PODS_ROOT}/../Podfile.lock\" \"${PODS_ROOT}/Manifest.lock\" > /dev/null\nif [[ $? != 0 ]] ; then\n    cat << EOM\nerror: The sandbox is not in sync with the Podfile.lock. Run 'pod install' or update your CocoaPods installation.\nEOM\n    exit 1\nfi\n";
			showEnvVarsInLog = 0;
		};
/* End PBXShellScriptBuildPhase section */

/* Begin PBXSourcesBuildPhase section */
		A34E82421A21BE2F0075AB33 /* Sources */ = {
			isa = PBXSourcesBuildPhase;
			buildActionMask = 2147483647;
			files = (
				A34E82521A21BE2F0075AB33 /* ViewController.m in Sources */,
				A34E82A01A237ACE0075AB33 /* LabelComponentEditor.m in Sources */,
				A34E824F1A21BE2F0075AB33 /* AppDelegate.m in Sources */,
				A34E829A1A237A5F0075AB33 /* ComponentEditor.m in Sources */,
				A34E824C1A21BE2F0075AB33 /* main.m in Sources */,
				A34E82A61A237B2C0075AB33 /* UIImageViewComponentEditor.m in Sources */,
				A34E82A31A237AF90075AB33 /* TextFieldComponentEditor.m in Sources */,
				A34E82A91A237B420075AB33 /* UIButtonComponentEditor.m in Sources */,
				A34E829D1A237A870075AB33 /* UIViewComponentEditor.m in Sources */,
			);
			runOnlyForDeploymentPostprocessing = 0;
		};
		A34E825B1A21BE2F0075AB33 /* Sources */ = {
			isa = PBXSourcesBuildPhase;
			buildActionMask = 2147483647;
			files = (
				A34E82661A21BE2F0075AB33 /* iosmockTests.m in Sources */,
			);
			runOnlyForDeploymentPostprocessing = 0;
		};
/* End PBXSourcesBuildPhase section */

/* Begin PBXTargetDependency section */
		A34E82611A21BE2F0075AB33 /* PBXTargetDependency */ = {
			isa = PBXTargetDependency;
			target = A34E82451A21BE2F0075AB33 /* iosmock */;
			targetProxy = A34E82601A21BE2F0075AB33 /* PBXContainerItemProxy */;
		};
/* End PBXTargetDependency section */

/* Begin PBXVariantGroup section */
		A34E82531A21BE2F0075AB33 /* Main.storyboard */ = {
			isa = PBXVariantGroup;
			children = (
				A34E82541A21BE2F0075AB33 /* Base */,
			);
			name = Main.storyboard;
			sourceTree = "<group>";
		};
		A34E82581A21BE2F0075AB33 /* LaunchScreen.xib */ = {
			isa = PBXVariantGroup;
			children = (
				A34E82591A21BE2F0075AB33 /* Base */,
			);
			name = LaunchScreen.xib;
			sourceTree = "<group>";
		};
/* End PBXVariantGroup section */

/* Begin XCBuildConfiguration section */
		A34E82671A21BE2F0075AB33 /* Debug */ = {
			isa = XCBuildConfiguration;
			buildSettings = {
				ALWAYS_SEARCH_USER_PATHS = NO;
				CLANG_CXX_LANGUAGE_STANDARD = "gnu++0x";
				CLANG_CXX_LIBRARY = "libc++";
				CLANG_ENABLE_MODULES = YES;
				CLANG_ENABLE_OBJC_ARC = YES;
				CLANG_WARN_BOOL_CONVERSION = YES;
				CLANG_WARN_CONSTANT_CONVERSION = YES;
				CLANG_WARN_DIRECT_OBJC_ISA_USAGE = YES_ERROR;
				CLANG_WARN_EMPTY_BODY = YES;
				CLANG_WARN_ENUM_CONVERSION = YES;
				CLANG_WARN_INT_CONVERSION = YES;
				CLANG_WARN_OBJC_ROOT_CLASS = YES_ERROR;
				CLANG_WARN_UNREACHABLE_CODE = YES;
				CLANG_WARN__DUPLICATE_METHOD_MATCH = YES;
				"CODE_SIGN_IDENTITY[sdk=iphoneos*]" = "iPhone Developer";
				COPY_PHASE_STRIP = NO;
				ENABLE_STRICT_OBJC_MSGSEND = YES;
				GCC_C_LANGUAGE_STANDARD = gnu99;
				GCC_DYNAMIC_NO_PIC = NO;
				GCC_OPTIMIZATION_LEVEL = 0;
				GCC_PREFIX_HEADER = iosmock/iosmock.pch;
				GCC_PREPROCESSOR_DEFINITIONS = (
					"DEBUG=1",
					"$(inherited)",
				);
				GCC_SYMBOLS_PRIVATE_EXTERN = NO;
				GCC_WARN_64_TO_32_BIT_CONVERSION = YES;
				GCC_WARN_ABOUT_RETURN_TYPE = YES_ERROR;
				GCC_WARN_UNDECLARED_SELECTOR = YES;
				GCC_WARN_UNINITIALIZED_AUTOS = YES_AGGRESSIVE;
				GCC_WARN_UNUSED_FUNCTION = YES;
				GCC_WARN_UNUSED_VARIABLE = YES;
				IPHONEOS_DEPLOYMENT_TARGET = 8.1;
				MTL_ENABLE_DEBUG_INFO = YES;
				ONLY_ACTIVE_ARCH = YES;
				SDKROOT = iphoneos;
			};
			name = Debug;
		};
		A34E82681A21BE2F0075AB33 /* Release */ = {
			isa = XCBuildConfiguration;
			buildSettings = {
				ALWAYS_SEARCH_USER_PATHS = NO;
				CLANG_CXX_LANGUAGE_STANDARD = "gnu++0x";
				CLANG_CXX_LIBRARY = "libc++";
				CLANG_ENABLE_MODULES = YES;
				CLANG_ENABLE_OBJC_ARC = YES;
				CLANG_WARN_BOOL_CONVERSION = YES;
				CLANG_WARN_CONSTANT_CONVERSION = YES;
				CLANG_WARN_DIRECT_OBJC_ISA_USAGE = YES_ERROR;
				CLANG_WARN_EMPTY_BODY = YES;
				CLANG_WARN_ENUM_CONVERSION = YES;
				CLANG_WARN_INT_CONVERSION = YES;
				CLANG_WARN_OBJC_ROOT_CLASS = YES_ERROR;
				CLANG_WARN_UNREACHABLE_CODE = YES;
				CLANG_WARN__DUPLICATE_METHOD_MATCH = YES;
				"CODE_SIGN_IDENTITY[sdk=iphoneos*]" = "iPhone Developer";
				COPY_PHASE_STRIP = YES;
				ENABLE_NS_ASSERTIONS = NO;
				ENABLE_STRICT_OBJC_MSGSEND = YES;
				GCC_C_LANGUAGE_STANDARD = gnu99;
				GCC_PREFIX_HEADER = iosmock/iosmock.pch;
				GCC_WARN_64_TO_32_BIT_CONVERSION = YES;
				GCC_WARN_ABOUT_RETURN_TYPE = YES_ERROR;
				GCC_WARN_UNDECLARED_SELECTOR = YES;
				GCC_WARN_UNINITIALIZED_AUTOS = YES_AGGRESSIVE;
				GCC_WARN_UNUSED_FUNCTION = YES;
				GCC_WARN_UNUSED_VARIABLE = YES;
				IPHONEOS_DEPLOYMENT_TARGET = 8.1;
				MTL_ENABLE_DEBUG_INFO = NO;
				SDKROOT = iphoneos;
				VALIDATE_PRODUCT = YES;
			};
			name = Release;
		};
		A34E826A1A21BE2F0075AB33 /* Debug */ = {
			isa = XCBuildConfiguration;
			baseConfigurationReference = C2841A3ACB22C29BF161446E /* Pods.debug.xcconfig */;
			buildSettings = {
				ASSETCATALOG_COMPILER_APPICON_NAME = AppIcon;
				INFOPLIST_FILE = iosmock/Info.plist;
				LD_RUNPATH_SEARCH_PATHS = "$(inherited) @executable_path/Frameworks";
				PRODUCT_NAME = "$(TARGET_NAME)";
			};
			name = Debug;
		};
		A34E826B1A21BE2F0075AB33 /* Release */ = {
			isa = XCBuildConfiguration;
			baseConfigurationReference = 3A221FAF152381CC85BF1EA0 /* Pods.release.xcconfig */;
			buildSettings = {
				ASSETCATALOG_COMPILER_APPICON_NAME = AppIcon;
				INFOPLIST_FILE = iosmock/Info.plist;
				LD_RUNPATH_SEARCH_PATHS = "$(inherited) @executable_path/Frameworks";
				PRODUCT_NAME = "$(TARGET_NAME)";
			};
			name = Release;
		};
		A34E826D1A21BE2F0075AB33 /* Debug */ = {
			isa = XCBuildConfiguration;
			buildSettings = {
				BUNDLE_LOADER = "$(TEST_HOST)";
				FRAMEWORK_SEARCH_PATHS = (
					"$(SDKROOT)/Developer/Library/Frameworks",
					"$(inherited)",
				);
				GCC_PREPROCESSOR_DEFINITIONS = (
					"DEBUG=1",
					"$(inherited)",
				);
				INFOPLIST_FILE = iosmockTests/Info.plist;
				LD_RUNPATH_SEARCH_PATHS = "$(inherited) @executable_path/Frameworks @loader_path/Frameworks";
				PRODUCT_NAME = "$(TARGET_NAME)";
				TEST_HOST = "$(BUILT_PRODUCTS_DIR)/iosmock.app/iosmock";
			};
			name = Debug;
		};
		A34E826E1A21BE2F0075AB33 /* Release */ = {
			isa = XCBuildConfiguration;
			buildSettings = {
				BUNDLE_LOADER = "$(TEST_HOST)";
				FRAMEWORK_SEARCH_PATHS = (
					"$(SDKROOT)/Developer/Library/Frameworks",
					"$(inherited)",
				);
				INFOPLIST_FILE = iosmockTests/Info.plist;
				LD_RUNPATH_SEARCH_PATHS = "$(inherited) @executable_path/Frameworks @loader_path/Frameworks";
				PRODUCT_NAME = "$(TARGET_NAME)";
				TEST_HOST = "$(BUILT_PRODUCTS_DIR)/iosmock.app/iosmock";
			};
			name = Release;
		};
/* End XCBuildConfiguration section */

/* Begin XCConfigurationList section */
		A34E82411A21BE2F0075AB33 /* Build configuration list for PBXProject "iosmock" */ = {
			isa = XCConfigurationList;
			buildConfigurations = (
				A34E82671A21BE2F0075AB33 /* Debug */,
				A34E82681A21BE2F0075AB33 /* Release */,
			);
			defaultConfigurationIsVisible = 0;
			defaultConfigurationName = Release;
		};
		A34E82691A21BE2F0075AB33 /* Build configuration list for PBXNativeTarget "iosmock" */ = {
			isa = XCConfigurationList;
			buildConfigurations = (
				A34E826A1A21BE2F0075AB33 /* Debug */,
				A34E826B1A21BE2F0075AB33 /* Release */,
			);
			defaultConfigurationIsVisible = 0;
			defaultConfigurationName = Release;
		};
		A34E826C1A21BE2F0075AB33 /* Build configuration list for PBXNativeTarget "iosmockTests" */ = {
			isa = XCConfigurationList;
			buildConfigurations = (
				A34E826D1A21BE2F0075AB33 /* Debug */,
				A34E826E1A21BE2F0075AB33 /* Release */,
			);
			defaultConfigurationIsVisible = 0;
			defaultConfigurationName = Release;
		};
/* End XCConfigurationList section */
	};
	rootObject = A34E823E1A21BE2F0075AB33 /* Project object */;
}
